{
  "version": 4,
  "terraform_version": "1.4.6",
  "serial": 34,
  "lineage": "790dad40-e988-f34d-8bff-b94061c6ee57",
  "outputs": {},
  "resources": [
    {
      "mode": "managed",
      "type": "google_bigquery_dataset",
      "name": "streaming_data",
      "provider": "provider[\"registry.terraform.io/hashicorp/google\"]",
      "instances": [
        {
          "schema_version": 0,
          "attributes": {
            "access": [
              {
                "dataset": [],
                "domain": "",
                "group_by_email": "",
                "role": "OWNER",
                "routine": [],
                "special_group": "",
                "user_by_email": "github-actions@weather-streamer.iam.gserviceaccount.com",
                "view": []
              },
              {
                "dataset": [],
                "domain": "",
                "group_by_email": "",
                "role": "OWNER",
                "routine": [],
                "special_group": "projectOwners",
                "user_by_email": "",
                "view": []
              },
              {
                "dataset": [],
                "domain": "",
                "group_by_email": "",
                "role": "READER",
                "routine": [],
                "special_group": "projectReaders",
                "user_by_email": "",
                "view": []
              },
              {
                "dataset": [],
                "domain": "",
                "group_by_email": "",
                "role": "WRITER",
                "routine": [],
                "special_group": "projectWriters",
                "user_by_email": "",
                "view": []
              }
            ],
            "creation_time": 1685122220622,
            "dataset_id": "streaming_data",
            "default_encryption_configuration": [],
            "default_partition_expiration_ms": 0,
            "default_table_expiration_ms": 0,
            "delete_contents_on_destroy": false,
            "description": "Weather Streaming Data dataset",
            "etag": "y8v99E2tcZ0YnRaAlBCyvA==",
            "friendly_name": "",
            "id": "projects/weather-streamer/datasets/streaming_data",
            "labels": {},
            "last_modified_time": 1685122220622,
            "location": "us-central1",
            "max_time_travel_hours": "",
            "project": "weather-streamer",
            "self_link": "https://bigquery.googleapis.com/bigquery/v2/projects/weather-streamer/datasets/streaming_data",
            "timeouts": null
          },
          "sensitive_attributes": [],
          "private": "eyJlMmJmYjczMC1lY2FhLTExZTYtOGY4OC0zNDM2M2JjN2M0YzAiOnsiY3JlYXRlIjoxMjAwMDAwMDAwMDAwLCJkZWxldGUiOjEyMDAwMDAwMDAwMDAsInVwZGF0ZSI6MTIwMDAwMDAwMDAwMH19"
        }
      ]
    },
    {
      "mode": "managed",
      "type": "google_bigquery_table",
      "name": "home_weather_data",
      "provider": "provider[\"registry.terraform.io/hashicorp/google\"]",
      "instances": [
        {
          "schema_version": 0,
          "attributes": {
            "clustering": null,
            "creation_time": 1685122221124,
            "dataset_id": "streaming_data",
            "deletion_protection": true,
            "description": "",
            "encryption_configuration": [],
            "etag": "XV0fsW9BI8fcLzoGpWNbUQ==",
            "expiration_time": 0,
            "external_data_configuration": [],
            "friendly_name": "",
            "id": "projects/weather-streamer/datasets/streaming_data/tables/home_weather_data",
            "labels": {},
            "last_modified_time": 1685122221243,
            "location": "us-central1",
            "materialized_view": [],
            "num_bytes": 0,
            "num_long_term_bytes": 0,
            "num_rows": 0,
            "project": "weather-streamer",
            "range_partitioning": [],
            "schema": "[{\"description\":\"The Datetime that the data was fetched/gathered\",\"mode\":\"NULLABLE\",\"name\":\"datetime_fetched\",\"type\":\"DATETIME\"},{\"description\":\"The temperature data in fahrenheit\",\"mode\":\"NULLABLE\",\"name\":\"temperature\",\"type\":\"FLOAT\"},{\"description\":\"The humidity data\",\"mode\":\"NULLABLE\",\"name\":\"humidity\",\"type\":\"FLOAT\"},{\"description\":\"The ID for the Raspberry Pi, the data gatherer\",\"mode\":\"NULLABLE\",\"name\":\"pi_id\",\"type\":\"STRING\"}]",
            "self_link": "https://bigquery.googleapis.com/bigquery/v2/projects/weather-streamer/datasets/streaming_data/tables/home_weather_data",
            "table_id": "home_weather_data",
            "time_partitioning": [],
            "type": "TABLE",
            "view": []
          },
          "sensitive_attributes": [],
          "private": "bnVsbA==",
          "dependencies": [
            "google_bigquery_dataset.streaming_data"
          ]
        }
      ]
    }
  ],
  "check_results": null
}
