{
  "version": 4,
  "terraform_version": "1.4.6",
  "serial": 42,
  "lineage": "790dad40-e988-f34d-8bff-b94061c6ee57",
  "outputs": {},
  "resources": [
    {
      "mode": "managed",
      "type": "google_bigquery_dataset",
      "name": "streaming_data",
      "provider": "provider[\"registry.terraform.io/hashicorp/google\"]",
      "instances": [
        {
          "schema_version": 0,
          "attributes": {
            "access": [
              {
                "dataset": [],
                "domain": "",
                "group_by_email": "",
                "role": "OWNER",
                "routine": [],
                "special_group": "",
                "user_by_email": "github-actions@weather-streamer.iam.gserviceaccount.com",
                "view": []
              },
              {
                "dataset": [],
                "domain": "",
                "group_by_email": "",
                "role": "OWNER",
                "routine": [],
                "special_group": "projectOwners",
                "user_by_email": "",
                "view": []
              },
              {
                "dataset": [],
                "domain": "",
                "group_by_email": "",
                "role": "READER",
                "routine": [],
                "special_group": "projectReaders",
                "user_by_email": "",
                "view": []
              },
              {
                "dataset": [],
                "domain": "",
                "group_by_email": "",
                "role": "WRITER",
                "routine": [],
                "special_group": "projectWriters",
                "user_by_email": "",
                "view": []
              }
            ],
            "creation_time": 1685122220622,
            "dataset_id": "streaming_data",
            "default_encryption_configuration": [],
            "default_partition_expiration_ms": 0,
            "default_table_expiration_ms": 0,
            "delete_contents_on_destroy": false,
            "description": "Weather Streaming Data dataset",
            "etag": "y8v99E2tcZ0YnRaAlBCyvA==",
            "friendly_name": "",
            "id": "projects/weather-streamer/datasets/streaming_data",
            "labels": {},
            "last_modified_time": 1685122220622,
            "location": "us-central1",
            "max_time_travel_hours": "",
            "project": "weather-streamer",
            "self_link": "https://bigquery.googleapis.com/bigquery/v2/projects/weather-streamer/datasets/streaming_data",
            "timeouts": null
          },
          "sensitive_attributes": [],
          "private": "eyJlMmJmYjczMC1lY2FhLTExZTYtOGY4OC0zNDM2M2JjN2M0YzAiOnsiY3JlYXRlIjoxMjAwMDAwMDAwMDAwLCJkZWxldGUiOjEyMDAwMDAwMDAwMDAsInVwZGF0ZSI6MTIwMDAwMDAwMDAwMH19"
        }
      ]
    },
    {
      "mode": "managed",
      "type": "google_bigquery_table",
      "name": "home_weather_data",
      "provider": "provider[\"registry.terraform.io/hashicorp/google\"]",
      "instances": [
        {
          "schema_version": 0,
          "attributes": {
            "clustering": null,
            "creation_time": 1685122221124,
            "dataset_id": "streaming_data",
            "deletion_protection": true,
            "description": "",
            "encryption_configuration": [],
            "etag": "XV0fsW9BI8fcLzoGpWNbUQ==",
            "expiration_time": 0,
            "external_data_configuration": [],
            "friendly_name": "",
            "id": "projects/weather-streamer/datasets/streaming_data/tables/home_weather_data",
            "labels": {},
            "last_modified_time": 1685122221243,
            "location": "us-central1",
            "materialized_view": [],
            "num_bytes": 0,
            "num_long_term_bytes": 0,
            "num_rows": 0,
            "project": "weather-streamer",
            "range_partitioning": [],
            "schema": "[{\"description\":\"The Datetime that the data was fetched/gathered\",\"mode\":\"NULLABLE\",\"name\":\"datetime_fetched\",\"type\":\"DATETIME\"},{\"description\":\"The temperature data in fahrenheit\",\"mode\":\"NULLABLE\",\"name\":\"temperature\",\"type\":\"FLOAT\"},{\"description\":\"The humidity data\",\"mode\":\"NULLABLE\",\"name\":\"humidity\",\"type\":\"FLOAT\"},{\"description\":\"The ID for the Raspberry Pi, the data gatherer\",\"mode\":\"NULLABLE\",\"name\":\"pi_id\",\"type\":\"STRING\"}]",
            "self_link": "https://bigquery.googleapis.com/bigquery/v2/projects/weather-streamer/datasets/streaming_data/tables/home_weather_data",
            "table_id": "home_weather_data",
            "time_partitioning": [],
            "type": "TABLE",
            "view": []
          },
          "sensitive_attributes": [],
          "private": "bnVsbA==",
          "dependencies": [
            "google_bigquery_dataset.streaming_data"
          ]
        }
      ]
    },
    {
      "mode": "managed",
      "type": "google_dataflow_job",
      "name": "weather_streaming_dataflow_job",
      "provider": "provider[\"registry.terraform.io/hashicorp/google\"]",
      "instances": [
        {
          "schema_version": 0,
          "attributes": {
            "additional_experiments": [],
            "enable_streaming_engine": null,
            "id": "2023-05-26_11_20_32-12798981586426306840",
            "ip_configuration": null,
            "job_id": "2023-05-26_11_20_32-12798981586426306840",
            "kms_key_name": "",
            "labels": null,
            "machine_type": "n1-standard-1",
            "max_workers": 1,
            "name": "weather-streaming-dataflow-job",
            "network": "",
            "on_delete": "drain",
            "parameters": null,
            "project": "weather-streamer",
            "region": "us-central1",
            "service_account_email": "",
            "skip_wait_on_job_termination": false,
            "state": "JOB_STATE_PENDING",
            "subnetwork": null,
            "temp_gcs_location": "gs://dataflow-bucket-123214324/temp",
            "template_gcs_path": "gs://dataflow-bucket-123214324/templates/weather_streamer_template.py",
            "timeouts": null,
            "transform_name_mapping": null,
            "type": "JOB_TYPE_STREAMING",
            "zone": null
          },
          "sensitive_attributes": [],
          "private": "eyJlMmJmYjczMC1lY2FhLTExZTYtOGY4OC0zNDM2M2JjN2M0YzAiOnsidXBkYXRlIjo2MDAwMDAwMDAwMDB9fQ=="
        }
      ]
    },
    {
      "mode": "managed",
      "type": "google_pubsub_subscription",
      "name": "dataflow_subscription",
      "provider": "provider[\"registry.terraform.io/hashicorp/google\"]",
      "instances": [
        {
          "schema_version": 0,
          "attributes": {
            "ack_deadline_seconds": 10,
            "bigquery_config": [],
            "dead_letter_policy": [],
            "enable_exactly_once_delivery": false,
            "enable_message_ordering": false,
            "expiration_policy": [
              {
                "ttl": "2678400s"
              }
            ],
            "filter": "",
            "id": "projects/weather-streamer/subscriptions/dataflow-subscription",
            "labels": {},
            "message_retention_duration": "604800s",
            "name": "dataflow-subscription",
            "project": "weather-streamer",
            "push_config": [],
            "retain_acked_messages": false,
            "retry_policy": [],
            "timeouts": null,
            "topic": "projects/weather-streamer/topics/weather-streamer"
          },
          "sensitive_attributes": [],
          "private": "eyJlMmJmYjczMC1lY2FhLTExZTYtOGY4OC0zNDM2M2JjN2M0YzAiOnsiY3JlYXRlIjoxMjAwMDAwMDAwMDAwLCJkZWxldGUiOjEyMDAwMDAwMDAwMDAsInVwZGF0ZSI6MTIwMDAwMDAwMDAwMH19",
          "dependencies": [
            "google_pubsub_topic.weather_streamer_topic"
          ]
        }
      ]
    },
    {
      "mode": "managed",
      "type": "google_pubsub_topic",
      "name": "weather_streamer_topic",
      "provider": "provider[\"registry.terraform.io/hashicorp/google\"]",
      "instances": [
        {
          "schema_version": 0,
          "attributes": {
            "id": "projects/weather-streamer/topics/weather-streamer",
            "kms_key_name": "",
            "labels": {},
            "message_retention_duration": "",
            "message_storage_policy": [],
            "name": "weather-streamer",
            "project": "weather-streamer",
            "schema_settings": [],
            "timeouts": null
          },
          "sensitive_attributes": [],
          "private": "eyJlMmJmYjczMC1lY2FhLTExZTYtOGY4OC0zNDM2M2JjN2M0YzAiOnsiY3JlYXRlIjoxMjAwMDAwMDAwMDAwLCJkZWxldGUiOjEyMDAwMDAwMDAwMDAsInVwZGF0ZSI6MTIwMDAwMDAwMDAwMH19"
        }
      ]
    },
    {
      "mode": "managed",
      "type": "google_storage_bucket",
      "name": "dataflow_gcs_bucket",
      "provider": "provider[\"registry.terraform.io/hashicorp/google\"]",
      "instances": [
        {
          "schema_version": 0,
          "attributes": {
            "autoclass": [],
            "cors": [],
            "custom_placement_config": [],
            "default_event_based_hold": false,
            "encryption": [],
            "force_destroy": false,
            "id": "dataflow-bucket-123214324",
            "labels": {},
            "lifecycle_rule": [],
            "location": "US-CENTRAL1",
            "logging": [],
            "name": "dataflow-bucket-123214324",
            "project": "weather-streamer",
            "public_access_prevention": "inherited",
            "requester_pays": false,
            "retention_policy": [],
            "self_link": "https://www.googleapis.com/storage/v1/b/dataflow-bucket-123214324",
            "storage_class": "STANDARD",
            "timeouts": null,
            "uniform_bucket_level_access": false,
            "url": "gs://dataflow-bucket-123214324",
            "versioning": [],
            "website": []
          },
          "sensitive_attributes": [],
          "private": "eyJlMmJmYjczMC1lY2FhLTExZTYtOGY4OC0zNDM2M2JjN2M0YzAiOnsiY3JlYXRlIjoyNDAwMDAwMDAwMDAsInJlYWQiOjI0MDAwMDAwMDAwMCwidXBkYXRlIjoyNDAwMDAwMDAwMDB9fQ=="
        }
      ]
    }
  ],
  "check_results": null
}
